{
  "version": 4,
  "terraform_version": "1.14.9",
  "serial": 130,
  "lineage": "cded5e87-fe7a-c482-3eab-c9ada9659a98",
  "outputs": {},
  "resources": [
    {
      "mode": "data",
      "type": "google_compute_network",
      "name": "network",
      "provider": "provider[\"registry.terraform.io/hashicorp/google\"]",
      "instances": [
        {
          "schema_version": 0,
          "attributes": {
            "description": "Default network for the project",
            "gateway_ipv4": "",
            "id": "projects/ride-app-project-id/global/networks/default",
            "internal_ipv6_range": "",
            "name": "default",
            "network_id": 625541790506133021,
            "network_profile": "",
            "numeric_id": "625541790506133021",
            "project": null,
            "self_link": "https://www.googleapis.com/compute/v1/projects/ride-app-project-id/global/networks/default",
            "subnetworks_self_links": [
              "https://www.googleapis.com/compute/v1/projects/ride-app-project-id/regions/europe-west10/subnetworks/default",
              "https://www.googleapis.com/compute/v1/projects/ride-app-project-id/regions/us-east1/subnetworks/default",
              "https://www.googleapis.com/compute/v1/projects/ride-app-project-id/regions/asia-south2/subnetworks/default",
              "https://www.googleapis.com/compute/v1/projects/ride-app-project-id/regions/asia-south1/subnetworks/default",
              "https://www.googleapis.com/compute/v1/projects/ride-app-project-id/regions/africa-south1/subnetworks/default",
              "https://www.googleapis.com/compute/v1/projects/ride-app-project-id/regions/me-west1/subnetworks/default",
              "https://www.googleapis.com/compute/v1/projects/ride-app-project-id/regions/europe-west9/subnetworks/default",
              "https://www.googleapis.com/compute/v1/projects/ride-app-project-id/regions/us-west1/subnetworks/default",
              "https://www.googleapis.com/compute/v1/projects/ride-app-project-id/regions/us-west2/subnetworks/default",
              "https://www.googleapis.com/compute/v1/projects/ride-app-project-id/regions/europe-north1/subnetworks/default",
              "https://www.googleapis.com/compute/v1/projects/ride-app-project-id/regions/asia-southeast3/subnetworks/default",
              "https://www.googleapis.com/compute/v1/projects/ride-app-project-id/regions/europe-west8/subnetworks/default",
              "https://www.googleapis.com/compute/v1/projects/ride-app-project-id/regions/asia-southeast2/subnetworks/default",
              "https://www.googleapis.com/compute/v1/projects/ride-app-project-id/regions/northamerica-south1/subnetworks/default",
              "https://www.googleapis.com/compute/v1/projects/ride-app-project-id/regions/asia-northeast1/subnetworks/default",
              "https://www.googleapis.com/compute/v1/projects/ride-app-project-id/regions/asia-east1/subnetworks/default",
              "https://www.googleapis.com/compute/v1/projects/ride-app-project-id/regions/europe-west6/subnetworks/default",
              "https://www.googleapis.com/compute/v1/projects/ride-app-project-id/regions/australia-southeast2/subnetworks/default",
              "https://www.googleapis.com/compute/v1/projects/ride-app-project-id/regions/northamerica-northeast2/subnetworks/default",
              "https://www.googleapis.com/compute/v1/projects/ride-app-project-id/regions/northamerica-northeast1/subnetworks/default",
              "https://www.googleapis.com/compute/v1/projects/ride-app-project-id/regions/europe-west2/subnetworks/default",
              "https://www.googleapis.com/compute/v1/projects/ride-app-project-id/regions/us-west3/subnetworks/default",
              "https://www.googleapis.com/compute/v1/projects/ride-app-project-id/regions/us-east5/subnetworks/default",
              "https://www.googleapis.com/compute/v1/projects/ride-app-project-id/regions/asia-southeast1/subnetworks/default",
              "https://www.googleapis.com/compute/v1/projects/ride-app-project-id/regions/europe-southwest1/subnetworks/default",
              "https://www.googleapis.com/compute/v1/projects/ride-app-project-id/regions/europe-west3/subnetworks/default",
              "https://www.googleapis.com/compute/v1/projects/ride-app-project-id/regions/southamerica-east1/subnetworks/default",
              "https://www.googleapis.com/compute/v1/projects/ride-app-project-id/regions/us-south1/subnetworks/default",
              "https://www.googleapis.com/compute/v1/projects/ride-app-project-id/regions/europe-west4/subnetworks/default",
              "https://www.googleapis.com/compute/v1/projects/ride-app-project-id/regions/asia-northeast3/subnetworks/default",
              "https://www.googleapis.com/compute/v1/projects/ride-app-project-id/regions/europe-central2/subnetworks/default",
              "https://www.googleapis.com/compute/v1/projects/ride-app-project-id/regions/europe-west12/subnetworks/default",
              "https://www.googleapis.com/compute/v1/projects/ride-app-project-id/regions/us-east4/subnetworks/default",
              "https://www.googleapis.com/compute/v1/projects/ride-app-project-id/regions/asia-northeast2/subnetworks/default",
              "https://www.googleapis.com/compute/v1/projects/ride-app-project-id/regions/me-central1/subnetworks/default",
              "https://www.googleapis.com/compute/v1/projects/ride-app-project-id/regions/europe-north2/subnetworks/default",
              "https://www.googleapis.com/compute/v1/projects/ride-app-project-id/regions/us-central1/subnetworks/default",
              "https://www.googleapis.com/compute/v1/projects/ride-app-project-id/regions/us-west4/subnetworks/default",
              "https://www.googleapis.com/compute/v1/projects/ride-app-project-id/regions/southamerica-west1/subnetworks/default",
              "https://www.googleapis.com/compute/v1/projects/ride-app-project-id/regions/asia-east2/subnetworks/default",
              "https://www.googleapis.com/compute/v1/projects/ride-app-project-id/regions/europe-west1/subnetworks/default",
              "https://www.googleapis.com/compute/v1/projects/ride-app-project-id/regions/australia-southeast1/subnetworks/default"
            ]
          },
          "sensitive_attributes": [],
          "identity_schema_version": 0
        }
      ]
    },
    {
      "mode": "managed",
      "type": "google_compute_global_address",
      "name": "private_ip_range",
      "provider": "provider[\"registry.terraform.io/hashicorp/google\"]",
      "instances": [
        {
          "schema_version": 0,
          "attributes": {
            "address": "10.111.0.0",
            "address_type": "INTERNAL",
            "creation_timestamp": "2026-04-23T06:06:00.220-07:00",
            "description": "",
            "effective_labels": {
              "goog-terraform-provisioned": "true"
            },
            "id": "projects/ride-app-project-id/global/addresses/ride-app-private-ip-range",
            "ip_version": "",
            "label_fingerprint": "vezUS-42LLM=",
            "labels": {},
            "name": "ride-app-private-ip-range",
            "network": "https://www.googleapis.com/compute/v1/projects/ride-app-project-id/global/networks/default",
            "prefix_length": 16,
            "project": "ride-app-project-id",
            "purpose": "VPC_PEERING",
            "self_link": "https://www.googleapis.com/compute/v1/projects/ride-app-project-id/global/addresses/ride-app-private-ip-range",
            "terraform_labels": {
              "goog-terraform-provisioned": "true"
            },
            "timeouts": null
          },
          "sensitive_attributes": [],
          "identity_schema_version": 1,
          "identity": {
            "name": "ride-app-private-ip-range",
            "project": "ride-app-project-id"
          },
          "private": "eyJlMmJmYjczMC1lY2FhLTExZTYtOGY4OC0zNDM2M2JjN2M0YzAiOnsiY3JlYXRlIjoxMjAwMDAwMDAwMDAwLCJkZWxldGUiOjEyMDAwMDAwMDAwMDAsInVwZGF0ZSI6MTIwMDAwMDAwMDAwMH19",
          "dependencies": [
            "data.google_compute_network.network",
            "google_project_service.apis"
          ]
        }
      ]
    },
    {
      "mode": "managed",
      "type": "google_project_service",
      "name": "apis",
      "provider": "provider[\"registry.terraform.io/hashicorp/google\"]",
      "instances": [
        {
          "index_key": "artifactregistry.googleapis.com",
          "schema_version": 0,
          "attributes": {
            "disable_dependent_services": null,
            "disable_on_destroy": false,
            "id": "ride-app-project-id/artifactregistry.googleapis.com",
            "project": "ride-app-project-id",
            "service": "artifactregistry.googleapis.com",
            "timeouts": null
          },
          "sensitive_attributes": [],
          "identity_schema_version": 0,
          "private": "eyJlMmJmYjczMC1lY2FhLTExZTYtOGY4OC0zNDM2M2JjN2M0YzAiOnsiY3JlYXRlIjoxMjAwMDAwMDAwMDAwLCJkZWxldGUiOjEyMDAwMDAwMDAwMDAsInJlYWQiOjYwMDAwMDAwMDAwMCwidXBkYXRlIjoxMjAwMDAwMDAwMDAwfX0="
        },
        {
          "index_key": "cloudresourcemanager.googleapis.com",
          "schema_version": 0,
          "attributes": {
            "disable_dependent_services": null,
            "disable_on_destroy": false,
            "id": "ride-app-project-id/cloudresourcemanager.googleapis.com",
            "project": "ride-app-project-id",
            "service": "cloudresourcemanager.googleapis.com",
            "timeouts": null
          },
          "sensitive_attributes": [],
          "identity_schema_version": 0,
          "private": "eyJlMmJmYjczMC1lY2FhLTExZTYtOGY4OC0zNDM2M2JjN2M0YzAiOnsiY3JlYXRlIjoxMjAwMDAwMDAwMDAwLCJkZWxldGUiOjEyMDAwMDAwMDAwMDAsInJlYWQiOjYwMDAwMDAwMDAwMCwidXBkYXRlIjoxMjAwMDAwMDAwMDAwfX0="
        },
        {
          "index_key": "iamcredentials.googleapis.com",
          "schema_version": 0,
          "attributes": {
            "disable_dependent_services": null,
            "disable_on_destroy": false,
            "id": "ride-app-project-id/iamcredentials.googleapis.com",
            "project": "ride-app-project-id",
            "service": "iamcredentials.googleapis.com",
            "timeouts": null
          },
          "sensitive_attributes": [],
          "identity_schema_version": 0,
          "private": "eyJlMmJmYjczMC1lY2FhLTExZTYtOGY4OC0zNDM2M2JjN2M0YzAiOnsiY3JlYXRlIjoxMjAwMDAwMDAwMDAwLCJkZWxldGUiOjEyMDAwMDAwMDAwMDAsInJlYWQiOjYwMDAwMDAwMDAwMCwidXBkYXRlIjoxMjAwMDAwMDAwMDAwfX0="
        },
        {
          "index_key": "run.googleapis.com",
          "schema_version": 0,
          "attributes": {
            "disable_dependent_services": null,
            "disable_on_destroy": false,
            "id": "ride-app-project-id/run.googleapis.com",
            "project": "ride-app-project-id",
            "service": "run.googleapis.com",
            "timeouts": null
          },
          "sensitive_attributes": [],
          "identity_schema_version": 0,
          "private": "eyJlMmJmYjczMC1lY2FhLTExZTYtOGY4OC0zNDM2M2JjN2M0YzAiOnsiY3JlYXRlIjoxMjAwMDAwMDAwMDAwLCJkZWxldGUiOjEyMDAwMDAwMDAwMDAsInJlYWQiOjYwMDAwMDAwMDAwMCwidXBkYXRlIjoxMjAwMDAwMDAwMDAwfX0="
        },
        {
          "index_key": "secretmanager.googleapis.com",
          "schema_version": 0,
          "attributes": {
            "disable_dependent_services": null,
            "disable_on_destroy": false,
            "id": "ride-app-project-id/secretmanager.googleapis.com",
            "project": "ride-app-project-id",
            "service": "secretmanager.googleapis.com",
            "timeouts": null
          },
          "sensitive_attributes": [],
          "identity_schema_version": 0,
          "private": "eyJlMmJmYjczMC1lY2FhLTExZTYtOGY4OC0zNDM2M2JjN2M0YzAiOnsiY3JlYXRlIjoxMjAwMDAwMDAwMDAwLCJkZWxldGUiOjEyMDAwMDAwMDAwMDAsInJlYWQiOjYwMDAwMDAwMDAwMCwidXBkYXRlIjoxMjAwMDAwMDAwMDAwfX0="
        },
        {
          "index_key": "servicenetworking.googleapis.com",
          "schema_version": 0,
          "attributes": {
            "disable_dependent_services": null,
            "disable_on_destroy": false,
            "id": "ride-app-project-id/servicenetworking.googleapis.com",
            "project": "ride-app-project-id",
            "service": "servicenetworking.googleapis.com",
            "timeouts": null
          },
          "sensitive_attributes": [],
          "identity_schema_version": 0,
          "private": "eyJlMmJmYjczMC1lY2FhLTExZTYtOGY4OC0zNDM2M2JjN2M0YzAiOnsiY3JlYXRlIjoxMjAwMDAwMDAwMDAwLCJkZWxldGUiOjEyMDAwMDAwMDAwMDAsInJlYWQiOjYwMDAwMDAwMDAwMCwidXBkYXRlIjoxMjAwMDAwMDAwMDAwfX0="
        },
        {
          "index_key": "sqladmin.googleapis.com",
          "schema_version": 0,
          "attributes": {
            "disable_dependent_services": null,
            "disable_on_destroy": false,
            "id": "ride-app-project-id/sqladmin.googleapis.com",
            "project": "ride-app-project-id",
            "service": "sqladmin.googleapis.com",
            "timeouts": null
          },
          "sensitive_attributes": [],
          "identity_schema_version": 0,
          "private": "eyJlMmJmYjczMC1lY2FhLTExZTYtOGY4OC0zNDM2M2JjN2M0YzAiOnsiY3JlYXRlIjoxMjAwMDAwMDAwMDAwLCJkZWxldGUiOjEyMDAwMDAwMDAwMDAsInJlYWQiOjYwMDAwMDAwMDAwMCwidXBkYXRlIjoxMjAwMDAwMDAwMDAwfX0="
        },
        {
          "index_key": "vpcaccess.googleapis.com",
          "schema_version": 0,
          "attributes": {
            "disable_dependent_services": null,
            "disable_on_destroy": false,
            "id": "ride-app-project-id/vpcaccess.googleapis.com",
            "project": "ride-app-project-id",
            "service": "vpcaccess.googleapis.com",
            "timeouts": null
          },
          "sensitive_attributes": [],
          "identity_schema_version": 0,
          "private": "eyJlMmJmYjczMC1lY2FhLTExZTYtOGY4OC0zNDM2M2JjN2M0YzAiOnsiY3JlYXRlIjoxMjAwMDAwMDAwMDAwLCJkZWxldGUiOjEyMDAwMDAwMDAwMDAsInJlYWQiOjYwMDAwMDAwMDAwMCwidXBkYXRlIjoxMjAwMDAwMDAwMDAwfX0="
        }
      ]
    },
    {
      "mode": "managed",
      "type": "google_service_networking_connection",
      "name": "private_vpc_connection",
      "provider": "provider[\"registry.terraform.io/hashicorp/google\"]",
      "instances": [
        {
          "schema_version": 0,
          "attributes": {
            "deletion_policy": null,
            "id": "projects%2Fride-app-project-id%2Fglobal%2Fnetworks%2Fdefault:servicenetworking.googleapis.com",
            "network": "projects/ride-app-project-id/global/networks/default",
            "peering": "servicenetworking-googleapis-com",
            "reserved_peering_ranges": [
              "ride-app-private-ip-range"
            ],
            "service": "servicenetworking.googleapis.com",
            "timeouts": null,
            "update_on_creation_fail": null
          },
          "sensitive_attributes": [],
          "identity_schema_version": 0,
          "private": "eyJlMmJmYjczMC1lY2FhLTExZTYtOGY4OC0zNDM2M2JjN2M0YzAiOnsiY3JlYXRlIjo2MDAwMDAwMDAwMDAsImRlbGV0ZSI6NjAwMDAwMDAwMDAwLCJ1cGRhdGUiOjYwMDAwMDAwMDAwMH19",
          "dependencies": [
            "data.google_compute_network.network",
            "google_compute_global_address.private_ip_range",
            "google_project_service.apis"
          ]
        }
      ]
    }
  ],
  "check_results": null
}
